
Microsoft Visual Studio Solution File, Format Version 12.00
# Visual Studio Version 17
VisualStudioVersion = 17.2.32616.157
MinimumVisualStudioVersion = 10.0.40219.1
Project("{9A19103F-16F7-4668-BE54-9A1E7A4F7556}") = "EntityPlayground.DataLayer", "EntityPlayground.DataLayer\EntityPlayground.DataLayer.csproj", "{BBC0BDD3-EFD0-44C0-A47D-25C804326BFC}"
EndProject
Project("{FAE04EC0-301F-11D3-BF4B-00C04F79EFBC}") = "EntityPlayground.DataTests", "EntityPlayground.DataTests\EntityPlayground.DataTests.csproj", "{BD4D3BD0-2F6D-4E8E-A913-263C555A49D1}"
EndProject
Global
	GlobalSection(SolutionConfigurationPlatforms) = preSolution
		Debug|Any CPU = Debug|Any CPU
		Release|Any CPU = Release|Any CPU
	EndGlobalSection
	GlobalSection(ProjectConfigurationPlatforms) = postSolution
		{BBC0BDD3-EFD0-44C0-A47D-25C804326BFC}.Debug|Any CPU.ActiveCfg = Debug|Any CPU
		{BBC0BDD3-EFD0-44C0-A47D-25C804326BFC}.Debug|Any CPU.Build.0 = Debug|Any CPU
		{BBC0BDD3-EFD0-44C0-A47D-25C804326BFC}.Release|Any CPU.ActiveCfg = Release|Any CPU
		{BBC0BDD3-EFD0-44C0-A47D-25C804326BFC}.Release|Any CPU.Build.0 = Release|Any CPU
		{BD4D3BD0-2F6D-4E8E-A913-263C555A49D1}.Debug|Any CPU.ActiveCfg = Debug|Any CPU
		{BD4D3BD0-2F6D-4E8E-A913-263C555A49D1}.Debug|Any CPU.Build.0 = Debug|Any CPU
		{BD4D3BD0-2F6D-4E8E-A913-263C555A49D1}.Release|Any CPU.ActiveCfg = Release|Any CPU
		{BD4D3BD0-2F6D-4E8E-A913-263C555A49D1}.Release|Any CPU.Build.0 = Release|Any CPU
	EndGlobalSection
	GlobalSection(SolutionProperties) = preSolution
		HideSolutionNode = FALSE
	EndGlobalSection
	GlobalSection(ExtensibilityGlobals) = postSolution
		SolutionGuid = {371DF6AE-8559-4809-AF66-F38E86D560FC}
	EndGlobalSection
EndGlobal
